github.com/shawnsmithdev/zermelo/v2 v2.1.0 h1:jtwRqTjccBstNq/I0EzS4QaLRJGFRzf0aKi67bObDtY=
github.com/shawnsmithdev/zermelo/v2 v2.1.0/go.mod h1:mZYnHgRe1WoyVtUdkcRHj7hxQ9pnQyHk1HmiEqOt5JE=
github.com/twotwotwo/sorts v0.0.0-20160814051341-bf5c1f2b8553 h1:DRC1ubdb3ZmyyIeCSTxjZIQAnpLPfKVgYrLETQuOPjo=
github.com/twotwotwo/sorts v0.0.0-20160814051341-bf5c1f2b8553/go.mod h1:Rj7Csq/tZ/egz+Ltc2IVpsA5309AmSMEswjkTZmq2Xc=
